
Microsoft Visual Studio Solution File, Format Version 12.00
# Visual Studio 15
VisualStudioVersion = 15.0.28307.1000
MinimumVisualStudioVersion = 10.0.40219.1
Project("{FAE04EC0-301F-11D3-BF4B-00C04F79EFBC}") = "Model", "Model\Model.csproj", "{C1168811-E327-4104-91FE-F854879F9326}"
EndProject
Project("{FAE04EC0-301F-11D3-BF4B-00C04F79EFBC}") = "VendedoresApp", "VendedoresApp\VendedoresApp.csproj", "{C23D1121-168F-4E6E-BFFE-F434A157E61A}"
EndProject
Global
	GlobalSection(SolutionConfigurationPlatforms) = preSolution
		Debug|Any CPU = Debug|Any CPU
		Release|Any CPU = Release|Any CPU
	EndGlobalSection
	GlobalSection(ProjectConfigurationPlatforms) = postSolution
		{C1168811-E327-4104-91FE-F854879F9326}.Debug|Any CPU.ActiveCfg = Debug|Any CPU
		{C1168811-E327-4104-91FE-F854879F9326}.Debug|Any CPU.Build.0 = Debug|Any CPU
		{C1168811-E327-4104-91FE-F854879F9326}.Release|Any CPU.ActiveCfg = Release|Any CPU
		{C1168811-E327-4104-91FE-F854879F9326}.Release|Any CPU.Build.0 = Release|Any CPU
		{C23D1121-168F-4E6E-BFFE-F434A157E61A}.Debug|Any CPU.ActiveCfg = Debug|Any CPU
		{C23D1121-168F-4E6E-BFFE-F434A157E61A}.Debug|Any CPU.Build.0 = Debug|Any CPU
		{C23D1121-168F-4E6E-BFFE-F434A157E61A}.Release|Any CPU.ActiveCfg = Release|Any CPU
		{C23D1121-168F-4E6E-BFFE-F434A157E61A}.Release|Any CPU.Build.0 = Release|Any CPU
	EndGlobalSection
	GlobalSection(SolutionProperties) = preSolution
		HideSolutionNode = FALSE
	EndGlobalSection
	GlobalSection(ExtensibilityGlobals) = postSolution
		SolutionGuid = {2323164F-1810-4B49-8B72-2C2BC931CCCA}
	EndGlobalSection
EndGlobal
